// !$*UTF8*$!
{
	archiveVersion = 1;
	classes = {
	};
	objectVersion = 55;
	objects = {

/* Begin PBXBuildFile section */
		5714760A277745B500D2B41F /* Assets.swift in Sources */ = {isa = PBXBuildFile; fileRef = 57147609277745B500D2B41F /* Assets.swift */; };
		571EAC1027772FEF0072777A /* AppDelegate.swift in Sources */ = {isa = PBXBuildFile; fileRef = 571EAC0F27772FEF0072777A /* AppDelegate.swift */; };
		571EAC1927772FF30072777A /* Assets.xcassets in Resources */ = {isa = PBXBuildFile; fileRef = 571EAC1827772FF30072777A /* Assets.xcassets */; };
		571EAC1C27772FF30072777A /* LaunchScreen.storyboard in Resources */ = {isa = PBXBuildFile; fileRef = 571EAC1A27772FF30072777A /* LaunchScreen.storyboard */; };
		577FE1E227774C0D00E76265 /* TMDBService.swift in Sources */ = {isa = PBXBuildFile; fileRef = 577FE1E127774C0D00E76265 /* TMDBService.swift */; };
		577FE1E8277845B800E76265 /* HomeViewController.swift in Sources */ = {isa = PBXBuildFile; fileRef = 577FE1E7277845B800E76265 /* HomeViewController.swift */; };
		577FE1EB277846AC00E76265 /* TMDBViewController.swift in Sources */ = {isa = PBXBuildFile; fileRef = 577FE1EA277846AC00E76265 /* TMDBViewController.swift */; };
		577FE1ED277847D800E76265 /* TMDBView.swift in Sources */ = {isa = PBXBuildFile; fileRef = 577FE1EC277847D800E76265 /* TMDBView.swift */; };
		577FE1F02778487400E76265 /* HomeView.swift in Sources */ = {isa = PBXBuildFile; fileRef = 577FE1EF2778487400E76265 /* HomeView.swift */; };
		577FE1F227784FA300E76265 /* TMDBNavigationController.swift in Sources */ = {isa = PBXBuildFile; fileRef = 577FE1F127784FA300E76265 /* TMDBNavigationController.swift */; };
		577FE1F727788EA400E76265 /* SliderTableViewCell.swift in Sources */ = {isa = PBXBuildFile; fileRef = 577FE1F627788EA400E76265 /* SliderTableViewCell.swift */; };
		577FE1F927788ED900E76265 /* MovieTableViewCell.swift in Sources */ = {isa = PBXBuildFile; fileRef = 577FE1F827788ED900E76265 /* MovieTableViewCell.swift */; };
		577FE1FC2778A68900E76265 /* HomeViewModel.swift in Sources */ = {isa = PBXBuildFile; fileRef = 577FE1FB2778A68900E76265 /* HomeViewModel.swift */; };
		577FE1FF2778A70700E76265 /* NowPlayingMovie.swift in Sources */ = {isa = PBXBuildFile; fileRef = 577FE1FE2778A70700E76265 /* NowPlayingMovie.swift */; };
		577FE2012778A71400E76265 /* UpcomingMovie.swift in Sources */ = {isa = PBXBuildFile; fileRef = 577FE2002778A71400E76265 /* UpcomingMovie.swift */; };
		577FE2052778B12500E76265 /* UpcomingMovieResponse.swift in Sources */ = {isa = PBXBuildFile; fileRef = 577FE2042778B12500E76265 /* UpcomingMovieResponse.swift */; };
		D4E8528B5BC4289C2F112BB2 /* Pods_TMDB_Client_App.framework in Frameworks */ = {isa = PBXBuildFile; fileRef = 50EEBB9363DF3A29EF4243D3 /* Pods_TMDB_Client_App.framework */; };
/* End PBXBuildFile section */

/* Begin PBXFileReference section */
		48B141054C6C78F1F9B9B36B /* Pods-TMDB Client App.debug.xcconfig */ = {isa = PBXFileReference; includeInIndex = 1; lastKnownFileType = text.xcconfig; name = "Pods-TMDB Client App.debug.xcconfig"; path = "Target Support Files/Pods-TMDB Client App/Pods-TMDB Client App.debug.xcconfig"; sourceTree = "<group>"; };
		50EEBB9363DF3A29EF4243D3 /* Pods_TMDB_Client_App.framework */ = {isa = PBXFileReference; explicitFileType = wrapper.framework; includeInIndex = 0; path = Pods_TMDB_Client_App.framework; sourceTree = BUILT_PRODUCTS_DIR; };
		57147609277745B500D2B41F /* Assets.swift */ = {isa = PBXFileReference; fileEncoding = 4; lastKnownFileType = sourcecode.swift; path = Assets.swift; sourceTree = "<group>"; };
		571EAC0C27772FEF0072777A /* TMDB Client App.app */ = {isa = PBXFileReference; explicitFileType = wrapper.application; includeInIndex = 0; path = "TMDB Client App.app"; sourceTree = BUILT_PRODUCTS_DIR; };
		571EAC0F27772FEF0072777A /* AppDelegate.swift */ = {isa = PBXFileReference; lastKnownFileType = sourcecode.swift; path = AppDelegate.swift; sourceTree = "<group>"; };
		571EAC1827772FF30072777A /* Assets.xcassets */ = {isa = PBXFileReference; lastKnownFileType = folder.assetcatalog; path = Assets.xcassets; sourceTree = "<group>"; };
		571EAC1B27772FF30072777A /* Base */ = {isa = PBXFileReference; lastKnownFileType = file.storyboard; name = Base; path = Base.lproj/LaunchScreen.storyboard; sourceTree = "<group>"; };
		571EAC1D27772FF30072777A /* Info.plist */ = {isa = PBXFileReference; lastKnownFileType = text.plist.xml; path = Info.plist; sourceTree = "<group>"; };
		577FE1E127774C0D00E76265 /* TMDBService.swift */ = {isa = PBXFileReference; lastKnownFileType = sourcecode.swift; path = TMDBService.swift; sourceTree = "<group>"; };
		577FE1E427775D1100E76265 /* Config.xcconfig */ = {isa = PBXFileReference; lastKnownFileType = text.xcconfig; path = Config.xcconfig; sourceTree = "<group>"; };
		577FE1E7277845B800E76265 /* HomeViewController.swift */ = {isa = PBXFileReference; lastKnownFileType = sourcecode.swift; path = HomeViewController.swift; sourceTree = "<group>"; };
		577FE1EA277846AC00E76265 /* TMDBViewController.swift */ = {isa = PBXFileReference; lastKnownFileType = sourcecode.swift; path = TMDBViewController.swift; sourceTree = "<group>"; };
		577FE1EC277847D800E76265 /* TMDBView.swift */ = {isa = PBXFileReference; lastKnownFileType = sourcecode.swift; path = TMDBView.swift; sourceTree = "<group>"; };
		577FE1EF2778487400E76265 /* HomeView.swift */ = {isa = PBXFileReference; lastKnownFileType = sourcecode.swift; path = HomeView.swift; sourceTree = "<group>"; };
		577FE1F127784FA300E76265 /* TMDBNavigationController.swift */ = {isa = PBXFileReference; lastKnownFileType = sourcecode.swift; path = TMDBNavigationController.swift; sourceTree = "<group>"; };
		577FE1F627788EA400E76265 /* SliderTableViewCell.swift */ = {isa = PBXFileReference; lastKnownFileType = sourcecode.swift; path = SliderTableViewCell.swift; sourceTree = "<group>"; };
		577FE1F827788ED900E76265 /* MovieTableViewCell.swift */ = {isa = PBXFileReference; lastKnownFileType = sourcecode.swift; path = MovieTableViewCell.swift; sourceTree = "<group>"; };
		577FE1FB2778A68900E76265 /* HomeViewModel.swift */ = {isa = PBXFileReference; lastKnownFileType = sourcecode.swift; path = HomeViewModel.swift; sourceTree = "<group>"; };
		577FE1FE2778A70700E76265 /* NowPlayingMovie.swift */ = {isa = PBXFileReference; lastKnownFileType = sourcecode.swift; path = NowPlayingMovie.swift; sourceTree = "<group>"; };
		577FE2002778A71400E76265 /* UpcomingMovie.swift */ = {isa = PBXFileReference; lastKnownFileType = sourcecode.swift; path = UpcomingMovie.swift; sourceTree = "<group>"; };
		577FE2042778B12500E76265 /* UpcomingMovieResponse.swift */ = {isa = PBXFileReference; lastKnownFileType = sourcecode.swift; path = UpcomingMovieResponse.swift; sourceTree = "<group>"; };
		84F204C54E420CC358969A51 /* Pods-TMDB Client App.release.xcconfig */ = {isa = PBXFileReference; includeInIndex = 1; lastKnownFileType = text.xcconfig; name = "Pods-TMDB Client App.release.xcconfig"; path = "Target Support Files/Pods-TMDB Client App/Pods-TMDB Client App.release.xcconfig"; sourceTree = "<group>"; };
/* End PBXFileReference section */

/* Begin PBXFrameworksBuildPhase section */
		571EAC0927772FEF0072777A /* Frameworks */ = {
			isa = PBXFrameworksBuildPhase;
			buildActionMask = 2147483647;
			files = (
				D4E8528B5BC4289C2F112BB2 /* Pods_TMDB_Client_App.framework in Frameworks */,
			);
			runOnlyForDeploymentPostprocessing = 0;
		};
/* End PBXFrameworksBuildPhase section */

/* Begin PBXGroup section */
		571EAC0327772FEF0072777A = {
			isa = PBXGroup;
			children = (
				571EAC0E27772FEF0072777A /* TMDB Client App */,
				571EAC0D27772FEF0072777A /* Products */,
				BC0DBB8682609A4AAB38972D /* Pods */,
				6CDC8523BE97EA0F262E0176 /* Frameworks */,
			);
			sourceTree = "<group>";
		};
		571EAC0D27772FEF0072777A /* Products */ = {
			isa = PBXGroup;
			children = (
				571EAC0C27772FEF0072777A /* TMDB Client App.app */,
			);
			name = Products;
			sourceTree = "<group>";
		};
		571EAC0E27772FEF0072777A /* TMDB Client App */ = {
			isa = PBXGroup;
			children = (
				577FE1DF27774B7C00E76265 /* App */,
				571EAC24277734610072777A /* Screens */,
				571EAC23277734520072777A /* Supporting Files */,
			);
			path = "TMDB Client App";
			sourceTree = "<group>";
		};
		571EAC23277734520072777A /* Supporting Files */ = {
			isa = PBXGroup;
			children = (
				57147609277745B500D2B41F /* Assets.swift */,
				571EAC1827772FF30072777A /* Assets.xcassets */,
				571EAC1D27772FF30072777A /* Info.plist */,
				577FE1E427775D1100E76265 /* Config.xcconfig */,
			);
			path = "Supporting Files";
			sourceTree = "<group>";
		};
		571EAC24277734610072777A /* Screens */ = {
			isa = PBXGroup;
			children = (
				577FE1E52778458C00E76265 /* Home */,
			);
			path = Screens;
			sourceTree = "<group>";
		};
		577FE1DF27774B7C00E76265 /* App */ = {
			isa = PBXGroup;
			children = (
				577FE1F4277850EE00E76265 /* View */,
				577FE1F3277850D700E76265 /* Delegate */,
				577FE1E92778467C00E76265 /* Core */,
				577FE1E027774B8300E76265 /* Services */,
			);
			path = App;
			sourceTree = "<group>";
		};
		577FE1E027774B8300E76265 /* Services */ = {
			isa = PBXGroup;
			children = (
				577FE1E127774C0D00E76265 /* TMDBService.swift */,
			);
			path = Services;
			sourceTree = "<group>";
		};
		577FE1E52778458C00E76265 /* Home */ = {
			isa = PBXGroup;
			children = (
				577FE1FD2778A6F700E76265 /* Model */,
				577FE1FA2778A67C00E76265 /* ViewModel */,
				577FE1F527788E5000E76265 /* Cells */,
				577FE1EE2778486700E76265 /* View */,
				577FE1E62778459B00E76265 /* Controller */,
			);
			path = Home;
			sourceTree = "<group>";
		};
		577FE1E62778459B00E76265 /* Controller */ = {
			isa = PBXGroup;
			children = (
				577FE1E7277845B800E76265 /* HomeViewController.swift */,
			);
			path = Controller;
			sourceTree = "<group>";
		};
		577FE1E92778467C00E76265 /* Core */ = {
			isa = PBXGroup;
			children = (
				577FE1EA277846AC00E76265 /* TMDBViewController.swift */,
				577FE1EC277847D800E76265 /* TMDBView.swift */,
				577FE1F127784FA300E76265 /* TMDBNavigationController.swift */,
			);
			path = Core;
			sourceTree = "<group>";
		};
		577FE1EE2778486700E76265 /* View */ = {
			isa = PBXGroup;
			children = (
				577FE1EF2778487400E76265 /* HomeView.swift */,
			);
			path = View;
			sourceTree = "<group>";
		};
		577FE1F3277850D700E76265 /* Delegate */ = {
			isa = PBXGroup;
			children = (
				571EAC0F27772FEF0072777A /* AppDelegate.swift */,
			);
			path = Delegate;
			sourceTree = "<group>";
		};
		577FE1F4277850EE00E76265 /* View */ = {
			isa = PBXGroup;
			children = (
				571EAC1A27772FF30072777A /* LaunchScreen.storyboard */,
			);
			path = View;
			sourceTree = "<group>";
		};
		577FE1F527788E5000E76265 /* Cells */ = {
			isa = PBXGroup;
			children = (
				577FE1F627788EA400E76265 /* SliderTableViewCell.swift */,
				577FE1F827788ED900E76265 /* MovieTableViewCell.swift */,
			);
			path = Cells;
			sourceTree = "<group>";
		};
		577FE1FA2778A67C00E76265 /* ViewModel */ = {
			isa = PBXGroup;
			children = (
				577FE1FB2778A68900E76265 /* HomeViewModel.swift */,
			);
			path = ViewModel;
			sourceTree = "<group>";
		};
		577FE1FD2778A6F700E76265 /* Model */ = {
			isa = PBXGroup;
			children = (
				577FE1FE2778A70700E76265 /* NowPlayingMovie.swift */,
				577FE2002778A71400E76265 /* UpcomingMovie.swift */,
				577FE2042778B12500E76265 /* UpcomingMovieResponse.swift */,
			);
			path = Model;
			sourceTree = "<group>";
		};
		6CDC8523BE97EA0F262E0176 /* Frameworks */ = {
			isa = PBXGroup;
			children = (
				50EEBB9363DF3A29EF4243D3 /* Pods_TMDB_Client_App.framework */,
			);
			name = Frameworks;
			sourceTree = "<group>";
		};
		BC0DBB8682609A4AAB38972D /* Pods */ = {
			isa = PBXGroup;
			children = (
				48B141054C6C78F1F9B9B36B /* Pods-TMDB Client App.debug.xcconfig */,
				84F204C54E420CC358969A51 /* Pods-TMDB Client App.release.xcconfig */,
			);
			path = Pods;
			sourceTree = "<group>";
		};
/* End PBXGroup section */

/* Begin PBXNativeTarget section */
		571EAC0B27772FEF0072777A /* TMDB Client App */ = {
			isa = PBXNativeTarget;
			buildConfigurationList = 571EAC2027772FF30072777A /* Build configuration list for PBXNativeTarget "TMDB Client App" */;
			buildPhases = (
				519DF2F36275271D433C2CDF /* [CP] Check Pods Manifest.lock */,
				571EAC0827772FEF0072777A /* Sources */,
				571EAC0927772FEF0072777A /* Frameworks */,
				571EAC0A27772FEF0072777A /* Resources */,
				2168CE1FE1DB93AC9DD334BB /* [CP] Embed Pods Frameworks */,
				57147608277742AD00D2B41F /* SwiftGen */,
			);
			buildRules = (
			);
			dependencies = (
			);
			name = "TMDB Client App";
			productName = "TMDB Client App";
			productReference = 571EAC0C27772FEF0072777A /* TMDB Client App.app */;
			productType = "com.apple.product-type.application";
		};
/* End PBXNativeTarget section */

/* Begin PBXProject section */
		571EAC0427772FEF0072777A /* Project object */ = {
			isa = PBXProject;
			attributes = {
				BuildIndependentTargetsInParallel = 1;
				LastSwiftUpdateCheck = 1320;
				LastUpgradeCheck = 1320;
				TargetAttributes = {
					571EAC0B27772FEF0072777A = {
						CreatedOnToolsVersion = 13.2.1;
					};
				};
			};
			buildConfigurationList = 571EAC0727772FEF0072777A /* Build configuration list for PBXProject "TMDB Client App" */;
			compatibilityVersion = "Xcode 13.0";
			developmentRegion = en;
			hasScannedForEncodings = 0;
			knownRegions = (
				en,
				Base,
			);
			mainGroup = 571EAC0327772FEF0072777A;
			productRefGroup = 571EAC0D27772FEF0072777A /* Products */;
			projectDirPath = "";
			projectRoot = "";
			targets = (
				571EAC0B27772FEF0072777A /* TMDB Client App */,
			);
		};
/* End PBXProject section */

/* Begin PBXResourcesBuildPhase section */
		571EAC0A27772FEF0072777A /* Resources */ = {
			isa = PBXResourcesBuildPhase;
			buildActionMask = 2147483647;
			files = (
				571EAC1C27772FF30072777A /* LaunchScreen.storyboard in Resources */,
				571EAC1927772FF30072777A /* Assets.xcassets in Resources */,
			);
			runOnlyForDeploymentPostprocessing = 0;
		};
/* End PBXResourcesBuildPhase section */

/* Begin PBXShellScriptBuildPhase section */
		2168CE1FE1DB93AC9DD334BB /* [CP] Embed Pods Frameworks */ = {
			isa = PBXShellScriptBuildPhase;
			buildActionMask = 2147483647;
			files = (
			);
			inputFileListPaths = (
				"${PODS_ROOT}/Target Support Files/Pods-TMDB Client App/Pods-TMDB Client App-frameworks-${CONFIGURATION}-input-files.xcfilelist",
			);
			name = "[CP] Embed Pods Frameworks";
			outputFileListPaths = (
				"${PODS_ROOT}/Target Support Files/Pods-TMDB Client App/Pods-TMDB Client App-frameworks-${CONFIGURATION}-output-files.xcfilelist",
			);
			runOnlyForDeploymentPostprocessing = 0;
			shellPath = /bin/sh;
			shellScript = "\"${PODS_ROOT}/Target Support Files/Pods-TMDB Client App/Pods-TMDB Client App-frameworks.sh\"\n";
			showEnvVarsInLog = 0;
		};
		519DF2F36275271D433C2CDF /* [CP] Check Pods Manifest.lock */ = {
			isa = PBXShellScriptBuildPhase;
			buildActionMask = 2147483647;
			files = (
			);
			inputFileListPaths = (
			);
			inputPaths = (
				"${PODS_PODFILE_DIR_PATH}/Podfile.lock",
				"${PODS_ROOT}/Manifest.lock",
			);
			name = "[CP] Check Pods Manifest.lock";
			outputFileListPaths = (
			);
			outputPaths = (
				"$(DERIVED_FILE_DIR)/Pods-TMDB Client App-checkManifestLockResult.txt",
			);
			runOnlyForDeploymentPostprocessing = 0;
			shellPath = /bin/sh;
			shellScript = "diff \"${PODS_PODFILE_DIR_PATH}/Podfile.lock\" \"${PODS_ROOT}/Manifest.lock\" > /dev/null\nif [ $? != 0 ] ; then\n    # print error to STDERR\n    echo \"error: The sandbox is not in sync with the Podfile.lock. Run 'pod install' or update your CocoaPods installation.\" >&2\n    exit 1\nfi\n# This output is used by Xcode 'outputs' to avoid re-running this script phase.\necho \"SUCCESS\" > \"${SCRIPT_OUTPUT_FILE_0}\"\n";
			showEnvVarsInLog = 0;
		};
		57147608277742AD00D2B41F /* SwiftGen */ = {
			isa = PBXShellScriptBuildPhase;
			buildActionMask = 2147483647;
			files = (
			);
			inputFileListPaths = (
			);
			inputPaths = (
			);
			name = SwiftGen;
			outputFileListPaths = (
			);
			outputPaths = (
			);
			runOnlyForDeploymentPostprocessing = 0;
			shellPath = /bin/sh;
			shellScript = "if [[ -f \"${PODS_ROOT}/SwiftGen/bin/swiftgen\" ]]; then\n  \"${PODS_ROOT}/SwiftGen/bin/swiftgen\"\nelse\n  echo \"warning: SwiftGen is not installed. Run 'pod install --repo-update' to install it.\"\nfi\n";
		};
/* End PBXShellScriptBuildPhase section */

/* Begin PBXSourcesBuildPhase section */
		571EAC0827772FEF0072777A /* Sources */ = {
			isa = PBXSourcesBuildPhase;
			buildActionMask = 2147483647;
			files = (
				577FE1F927788ED900E76265 /* MovieTableViewCell.swift in Sources */,
				577FE2012778A71400E76265 /* UpcomingMovie.swift in Sources */,
				577FE1FC2778A68900E76265 /* HomeViewModel.swift in Sources */,
				577FE1EB277846AC00E76265 /* TMDBViewController.swift in Sources */,
				577FE1F02778487400E76265 /* HomeView.swift in Sources */,
				577FE1FF2778A70700E76265 /* NowPlayingMovie.swift in Sources */,
				577FE1E227774C0D00E76265 /* TMDBService.swift in Sources */,
				571EAC1027772FEF0072777A /* AppDelegate.swift in Sources */,
				577FE1F727788EA400E76265 /* SliderTableViewCell.swift in Sources */,
				577FE2052778B12500E76265 /* UpcomingMovieResponse.swift in Sources */,
				577FE1F227784FA300E76265 /* TMDBNavigationController.swift in Sources */,
				577FE1ED277847D800E76265 /* TMDBView.swift in Sources */,
				5714760A277745B500D2B41F /* Assets.swift in Sources */,
				577FE1E8277845B800E76265 /* HomeViewController.swift in Sources */,
			);
			runOnlyForDeploymentPostprocessing = 0;
		};
/* End PBXSourcesBuildPhase section */

/* Begin PBXVariantGroup section */
		571EAC1A27772FF30072777A /* LaunchScreen.storyboard */ = {
			isa = PBXVariantGroup;
			children = (
				571EAC1B27772FF30072777A /* Base */,
			);
			name = LaunchScreen.storyboard;
			sourceTree = "<group>";
		};
/* End PBXVariantGroup section */

/* Begin XCBuildConfiguration section */
		571EAC1E27772FF30072777A /* Debug */ = {
			isa = XCBuildConfiguration;
			baseConfigurationReference = 577FE1E427775D1100E76265 /* Config.xcconfig */;
			buildSettings = {
				ALWAYS_SEARCH_USER_PATHS = NO;
				CLANG_ANALYZER_NONNULL = YES;
				CLANG_ANALYZER_NUMBER_OBJECT_CONVERSION = YES_AGGRESSIVE;
				CLANG_CXX_LANGUAGE_STANDARD = "gnu++17";
				CLANG_CXX_LIBRARY = "libc++";
				CLANG_ENABLE_MODULES = YES;
				CLANG_ENABLE_OBJC_ARC = YES;
				CLANG_ENABLE_OBJC_WEAK = YES;
				CLANG_WARN_BLOCK_CAPTURE_AUTORELEASING = YES;
				CLANG_WARN_BOOL_CONVERSION = YES;
				CLANG_WARN_COMMA = YES;
				CLANG_WARN_CONSTANT_CONVERSION = YES;
				CLANG_WARN_DEPRECATED_OBJC_IMPLEMENTATIONS = YES;
				CLANG_WARN_DIRECT_OBJC_ISA_USAGE = YES_ERROR;
				CLANG_WARN_DOCUMENTATION_COMMENTS = YES;
				CLANG_WARN_EMPTY_BODY = YES;
				CLANG_WARN_ENUM_CONVERSION = YES;
				CLANG_WARN_INFINITE_RECURSION = YES;
				CLANG_WARN_INT_CONVERSION = YES;
				CLANG_WARN_NON_LITERAL_NULL_CONVERSION = YES;
				CLANG_WARN_OBJC_IMPLICIT_RETAIN_SELF = YES;
				CLANG_WARN_OBJC_LITERAL_CONVERSION = YES;
				CLANG_WARN_OBJC_ROOT_CLASS = YES_ERROR;
				CLANG_WARN_QUOTED_INCLUDE_IN_FRAMEWORK_HEADER = YES;
				CLANG_WARN_RANGE_LOOP_ANALYSIS = YES;
				CLANG_WARN_STRICT_PROTOTYPES = YES;
				CLANG_WARN_SUSPICIOUS_MOVE = YES;
				CLANG_WARN_UNGUARDED_AVAILABILITY = YES_AGGRESSIVE;
				CLANG_WARN_UNREACHABLE_CODE = YES;
				CLANG_WARN__DUPLICATE_METHOD_MATCH = YES;
				COPY_PHASE_STRIP = NO;
				DEBUG_INFORMATION_FORMAT = dwarf;
				ENABLE_STRICT_OBJC_MSGSEND = YES;
				ENABLE_TESTABILITY = YES;
				GCC_C_LANGUAGE_STANDARD = gnu11;
				GCC_DYNAMIC_NO_PIC = NO;
				GCC_NO_COMMON_BLOCKS = YES;
				GCC_OPTIMIZATION_LEVEL = 0;
				GCC_PREPROCESSOR_DEFINITIONS = (
					"DEBUG=1",
					"$(inherited)",
				);
				GCC_WARN_64_TO_32_BIT_CONVERSION = YES;
				GCC_WARN_ABOUT_RETURN_TYPE = YES_ERROR;
				GCC_WARN_UNDECLARED_SELECTOR = YES;
				GCC_WARN_UNINITIALIZED_AUTOS = YES_AGGRESSIVE;
				GCC_WARN_UNUSED_FUNCTION = YES;
				GCC_WARN_UNUSED_VARIABLE = YES;
				IPHONEOS_DEPLOYMENT_TARGET = 15.2;
				MTL_ENABLE_DEBUG_INFO = INCLUDE_SOURCE;
				MTL_FAST_MATH = YES;
				ONLY_ACTIVE_ARCH = YES;
				SDKROOT = iphoneos;
				SWIFT_ACTIVE_COMPILATION_CONDITIONS = DEBUG;
				SWIFT_OPTIMIZATION_LEVEL = "-Onone";
			};
			name = Debug;
		};
		571EAC1F27772FF30072777A /* Release */ = {
			isa = XCBuildConfiguration;
			baseConfigurationReference = 577FE1E427775D1100E76265 /* Config.xcconfig */;
			buildSettings = {
				ALWAYS_SEARCH_USER_PATHS = NO;
				CLANG_ANALYZER_NONNULL = YES;
				CLANG_ANALYZER_NUMBER_OBJECT_CONVERSION = YES_AGGRESSIVE;
				CLANG_CXX_LANGUAGE_STANDARD = "gnu++17";
				CLANG_CXX_LIBRARY = "libc++";
				CLANG_ENABLE_MODULES = YES;
				CLANG_ENABLE_OBJC_ARC = YES;
				CLANG_ENABLE_OBJC_WEAK = YES;
				CLANG_WARN_BLOCK_CAPTURE_AUTORELEASING = YES;
				CLANG_WARN_BOOL_CONVERSION = YES;
				CLANG_WARN_COMMA = YES;
				CLANG_WARN_CONSTANT_CONVERSION = YES;
				CLANG_WARN_DEPRECATED_OBJC_IMPLEMENTATIONS = YES;
				CLANG_WARN_DIRECT_OBJC_ISA_USAGE = YES_ERROR;
				CLANG_WARN_DOCUMENTATION_COMMENTS = YES;
				CLANG_WARN_EMPTY_BODY = YES;
				CLANG_WARN_ENUM_CONVERSION = YES;
				CLANG_WARN_INFINITE_RECURSION = YES;
				CLANG_WARN_INT_CONVERSION = YES;
				CLANG_WARN_NON_LITERAL_NULL_CONVERSION = YES;
				CLANG_WARN_OBJC_IMPLICIT_RETAIN_SELF = YES;
				CLANG_WARN_OBJC_LITERAL_CONVERSION = YES;
				CLANG_WARN_OBJC_ROOT_CLASS = YES_ERROR;
				CLANG_WARN_QUOTED_INCLUDE_IN_FRAMEWORK_HEADER = YES;
				CLANG_WARN_RANGE_LOOP_ANALYSIS = YES;
				CLANG_WARN_STRICT_PROTOTYPES = YES;
				CLANG_WARN_SUSPICIOUS_MOVE = YES;
				CLANG_WARN_UNGUARDED_AVAILABILITY = YES_AGGRESSIVE;
				CLANG_WARN_UNREACHABLE_CODE = YES;
				CLANG_WARN__DUPLICATE_METHOD_MATCH = YES;
				COPY_PHASE_STRIP = NO;
				DEBUG_INFORMATION_FORMAT = "dwarf-with-dsym";
				ENABLE_NS_ASSERTIONS = NO;
				ENABLE_STRICT_OBJC_MSGSEND = YES;
				GCC_C_LANGUAGE_STANDARD = gnu11;
				GCC_NO_COMMON_BLOCKS = YES;
				GCC_WARN_64_TO_32_BIT_CONVERSION = YES;
				GCC_WARN_ABOUT_RETURN_TYPE = YES_ERROR;
				GCC_WARN_UNDECLARED_SELECTOR = YES;
				GCC_WARN_UNINITIALIZED_AUTOS = YES_AGGRESSIVE;
				GCC_WARN_UNUSED_FUNCTION = YES;
				GCC_WARN_UNUSED_VARIABLE = YES;
				IPHONEOS_DEPLOYMENT_TARGET = 15.2;
				MTL_ENABLE_DEBUG_INFO = NO;
				MTL_FAST_MATH = YES;
				SDKROOT = iphoneos;
				SWIFT_COMPILATION_MODE = wholemodule;
				SWIFT_OPTIMIZATION_LEVEL = "-O";
				VALIDATE_PRODUCT = YES;
			};
			name = Release;
		};
		571EAC2127772FF30072777A /* Debug */ = {
			isa = XCBuildConfiguration;
			baseConfigurationReference = 48B141054C6C78F1F9B9B36B /* Pods-TMDB Client App.debug.xcconfig */;
			buildSettings = {
				ASSETCATALOG_COMPILER_APPICON_NAME = AppIcon;
				ASSETCATALOG_COMPILER_GLOBAL_ACCENT_COLOR_NAME = AccentColor;
				CODE_SIGN_STYLE = Automatic;
				CURRENT_PROJECT_VERSION = 1;
				GENERATE_INFOPLIST_FILE = YES;
				INFOPLIST_FILE = "TMDB Client App/Supporting Files/Info.plist";
				INFOPLIST_KEY_UIApplicationSupportsIndirectInputEvents = YES;
				INFOPLIST_KEY_UILaunchStoryboardName = LaunchScreen;
				INFOPLIST_KEY_UISupportedInterfaceOrientations = UIInterfaceOrientationPortrait;
				INFOPLIST_KEY_UISupportedInterfaceOrientations_iPad = "UIInterfaceOrientationPortrait UIInterfaceOrientationPortraitUpsideDown UIInterfaceOrientationLandscapeLeft UIInterfaceOrientationLandscapeRight";
				INFOPLIST_KEY_UISupportedInterfaceOrientations_iPhone = "UIInterfaceOrientationPortrait UIInterfaceOrientationLandscapeLeft UIInterfaceOrientationLandscapeRight";
				IPHONEOS_DEPLOYMENT_TARGET = 9.0;
				LD_RUNPATH_SEARCH_PATHS = (
					"$(inherited)",
					"@executable_path/Frameworks",
				);
				MARKETING_VERSION = 0.1;
				PRODUCT_BUNDLE_IDENTIFIER = "muhammed-karakul.TMDB-Client-App";
				PRODUCT_NAME = "$(TARGET_NAME)";
				SWIFT_EMIT_LOC_STRINGS = YES;
				SWIFT_VERSION = 5.0;
				TARGETED_DEVICE_FAMILY = 1;
			};
			name = Debug;
		};
		571EAC2227772FF30072777A /* Release */ = {
			isa = XCBuildConfiguration;
			baseConfigurationReference = 84F204C54E420CC358969A51 /* Pods-TMDB Client App.release.xcconfig */;
			buildSettings = {
				ASSETCATALOG_COMPILER_APPICON_NAME = AppIcon;
				ASSETCATALOG_COMPILER_GLOBAL_ACCENT_COLOR_NAME = AccentColor;
				CODE_SIGN_STYLE = Automatic;
				CURRENT_PROJECT_VERSION = 1;
				GENERATE_INFOPLIST_FILE = YES;
				INFOPLIST_FILE = "TMDB Client App/Supporting Files/Info.plist";
				INFOPLIST_KEY_UIApplicationSupportsIndirectInputEvents = YES;
				INFOPLIST_KEY_UILaunchStoryboardName = LaunchScreen;
				INFOPLIST_KEY_UISupportedInterfaceOrientations = UIInterfaceOrientationPortrait;
				INFOPLIST_KEY_UISupportedInterfaceOrientations_iPad = "UIInterfaceOrientationPortrait UIInterfaceOrientationPortraitUpsideDown UIInterfaceOrientationLandscapeLeft UIInterfaceOrientationLandscapeRight";
				INFOPLIST_KEY_UISupportedInterfaceOrientations_iPhone = "UIInterfaceOrientationPortrait UIInterfaceOrientationLandscapeLeft UIInterfaceOrientationLandscapeRight";
				IPHONEOS_DEPLOYMENT_TARGET = 9.0;
				LD_RUNPATH_SEARCH_PATHS = (
					"$(inherited)",
					"@executable_path/Frameworks",
				);
				MARKETING_VERSION = 0.1;
				PRODUCT_BUNDLE_IDENTIFIER = "muhammed-karakul.TMDB-Client-App";
				PRODUCT_NAME = "$(TARGET_NAME)";
				SWIFT_EMIT_LOC_STRINGS = YES;
				SWIFT_VERSION = 5.0;
				TARGETED_DEVICE_FAMILY = 1;
			};
			name = Release;
		};
/* End XCBuildConfiguration section */

/* Begin XCConfigurationList section */
		571EAC0727772FEF0072777A /* Build configuration list for PBXProject "TMDB Client App" */ = {
			isa = XCConfigurationList;
			buildConfigurations = (
				571EAC1E27772FF30072777A /* Debug */,
				571EAC1F27772FF30072777A /* Release */,
			);
			defaultConfigurationIsVisible = 0;
			defaultConfigurationName = Release;
		};
		571EAC2027772FF30072777A /* Build configuration list for PBXNativeTarget "TMDB Client App" */ = {
			isa = XCConfigurationList;
			buildConfigurations = (
				571EAC2127772FF30072777A /* Debug */,
				571EAC2227772FF30072777A /* Release */,
			);
			defaultConfigurationIsVisible = 0;
			defaultConfigurationName = Release;
		};
/* End XCConfigurationList section */
	};
	rootObject = 571EAC0427772FEF0072777A /* Project object */;
}
