PODS:
  - Alamofire (4.9.1)
  - Kingfisher (4.10.1)
  - SnapKit (4.2.0)
  - SwiftGen (6.5.1)

DEPENDENCIES:
  - Alamofire
  - Kingfisher
  - SnapKit
  - SwiftGen

SPEC REPOS:
  trunk:
    - Alamofire
    - Kingfisher
    - SnapKit
    - SwiftGen

SPEC CHECKSUMS:
  Alamofire: 85e8a02c69d6020a0d734f6054870d7ecb75cf18
  Kingfisher: c148cd7b47ebde9989f6bc7c27dcaa79d81279a0
  SnapKit: fe8a619752f3f27075cc9a90244d75c6c3f27e2a
  SwiftGen: a6d22010845f08fe18fbdf3a07a8e380fd22e0ea

PODFILE CHECKSUM: f5cdbaeb9bb4a431e6d966a3ae4ee655e24dbce7

COCOAPODS: 1.11.2
